
Microsoft Visual Studio Solution File, Format Version 12.00
# Visual Studio Version 16
VisualStudioVersion = 16.6.30114.105
MinimumVisualStudioVersion = 10.0.40219.1
Project("{FAE04EC0-301F-11D3-BF4B-00C04F79EFBC}") = "API", "API\API.csproj", "{0D182AEB-3405-469A-A1AF-B144C520591E}"
EndProject
Project("{FAE04EC0-301F-11D3-BF4B-00C04F79EFBC}") = "Application", "Application\Application.csproj", "{DC883F23-C2E4-4B00-8573-A9372D910396}"
EndProject
Project("{FAE04EC0-301F-11D3-BF4B-00C04F79EFBC}") = "Persistence", "Persistence\Persistence.csproj", "{C86D110A-2D1C-453B-ADFD-151003DDDEBE}"
EndProject
Project("{FAE04EC0-301F-11D3-BF4B-00C04F79EFBC}") = "Domain", "Domain\Domain.csproj", "{06493BEF-647A-4F3F-91D3-9D97890EBFB1}"
EndProject
Project("{FAE04EC0-301F-11D3-BF4B-00C04F79EFBC}") = "Infrastructure", "Infrastructure\Infrastructure.csproj", "{76AD6B2F-75DD-4306-9E99-DC49C73045C6}"
EndProject
Global
	GlobalSection(SolutionConfigurationPlatforms) = preSolution
		Debug|Any CPU = Debug|Any CPU
		Debug|x64 = Debug|x64
		Debug|x86 = Debug|x86
		Release|Any CPU = Release|Any CPU
		Release|x64 = Release|x64
		Release|x86 = Release|x86
	EndGlobalSection
	GlobalSection(SolutionProperties) = preSolution
		HideSolutionNode = FALSE
	EndGlobalSection
	GlobalSection(ProjectConfigurationPlatforms) = postSolution
		{0D182AEB-3405-469A-A1AF-B144C520591E}.Debug|Any CPU.ActiveCfg = Debug|Any CPU
		{0D182AEB-3405-469A-A1AF-B144C520591E}.Debug|Any CPU.Build.0 = Debug|Any CPU
		{0D182AEB-3405-469A-A1AF-B144C520591E}.Debug|x64.ActiveCfg = Debug|Any CPU
		{0D182AEB-3405-469A-A1AF-B144C520591E}.Debug|x64.Build.0 = Debug|Any CPU
		{0D182AEB-3405-469A-A1AF-B144C520591E}.Debug|x86.ActiveCfg = Debug|Any CPU
		{0D182AEB-3405-469A-A1AF-B144C520591E}.Debug|x86.Build.0 = Debug|Any CPU
		{0D182AEB-3405-469A-A1AF-B144C520591E}.Release|Any CPU.ActiveCfg = Release|Any CPU
		{0D182AEB-3405-469A-A1AF-B144C520591E}.Release|Any CPU.Build.0 = Release|Any CPU
		{0D182AEB-3405-469A-A1AF-B144C520591E}.Release|x64.ActiveCfg = Release|Any CPU
		{0D182AEB-3405-469A-A1AF-B144C520591E}.Release|x64.Build.0 = Release|Any CPU
		{0D182AEB-3405-469A-A1AF-B144C520591E}.Release|x86.ActiveCfg = Release|Any CPU
		{0D182AEB-3405-469A-A1AF-B144C520591E}.Release|x86.Build.0 = Release|Any CPU
		{DC883F23-C2E4-4B00-8573-A9372D910396}.Debug|Any CPU.ActiveCfg = Debug|Any CPU
		{DC883F23-C2E4-4B00-8573-A9372D910396}.Debug|Any CPU.Build.0 = Debug|Any CPU
		{DC883F23-C2E4-4B00-8573-A9372D910396}.Debug|x64.ActiveCfg = Debug|Any CPU
		{DC883F23-C2E4-4B00-8573-A9372D910396}.Debug|x64.Build.0 = Debug|Any CPU
		{DC883F23-C2E4-4B00-8573-A9372D910396}.Debug|x86.ActiveCfg = Debug|Any CPU
		{DC883F23-C2E4-4B00-8573-A9372D910396}.Debug|x86.Build.0 = Debug|Any CPU
		{DC883F23-C2E4-4B00-8573-A9372D910396}.Release|Any CPU.ActiveCfg = Release|Any CPU
		{DC883F23-C2E4-4B00-8573-A9372D910396}.Release|Any CPU.Build.0 = Release|Any CPU
		{DC883F23-C2E4-4B00-8573-A9372D910396}.Release|x64.ActiveCfg = Release|Any CPU
		{DC883F23-C2E4-4B00-8573-A9372D910396}.Release|x64.Build.0 = Release|Any CPU
		{DC883F23-C2E4-4B00-8573-A9372D910396}.Release|x86.ActiveCfg = Release|Any CPU
		{DC883F23-C2E4-4B00-8573-A9372D910396}.Release|x86.Build.0 = Release|Any CPU
		{C86D110A-2D1C-453B-ADFD-151003DDDEBE}.Debug|Any CPU.ActiveCfg = Debug|Any CPU
		{C86D110A-2D1C-453B-ADFD-151003DDDEBE}.Debug|Any CPU.Build.0 = Debug|Any CPU
		{C86D110A-2D1C-453B-ADFD-151003DDDEBE}.Debug|x64.ActiveCfg = Debug|Any CPU
		{C86D110A-2D1C-453B-ADFD-151003DDDEBE}.Debug|x64.Build.0 = Debug|Any CPU
		{C86D110A-2D1C-453B-ADFD-151003DDDEBE}.Debug|x86.ActiveCfg = Debug|Any CPU
		{C86D110A-2D1C-453B-ADFD-151003DDDEBE}.Debug|x86.Build.0 = Debug|Any CPU
		{C86D110A-2D1C-453B-ADFD-151003DDDEBE}.Release|Any CPU.ActiveCfg = Release|Any CPU
		{C86D110A-2D1C-453B-ADFD-151003DDDEBE}.Release|Any CPU.Build.0 = Release|Any CPU
		{C86D110A-2D1C-453B-ADFD-151003DDDEBE}.Release|x64.ActiveCfg = Release|Any CPU
		{C86D110A-2D1C-453B-ADFD-151003DDDEBE}.Release|x64.Build.0 = Release|Any CPU
		{C86D110A-2D1C-453B-ADFD-151003DDDEBE}.Release|x86.ActiveCfg = Release|Any CPU
		{C86D110A-2D1C-453B-ADFD-151003DDDEBE}.Release|x86.Build.0 = Release|Any CPU
		{06493BEF-647A-4F3F-91D3-9D97890EBFB1}.Debug|Any CPU.ActiveCfg = Debug|Any CPU
		{06493BEF-647A-4F3F-91D3-9D97890EBFB1}.Debug|Any CPU.Build.0 = Debug|Any CPU
		{06493BEF-647A-4F3F-91D3-9D97890EBFB1}.Debug|x64.ActiveCfg = Debug|Any CPU
		{06493BEF-647A-4F3F-91D3-9D97890EBFB1}.Debug|x64.Build.0 = Debug|Any CPU
		{06493BEF-647A-4F3F-91D3-9D97890EBFB1}.Debug|x86.ActiveCfg = Debug|Any CPU
		{06493BEF-647A-4F3F-91D3-9D97890EBFB1}.Debug|x86.Build.0 = Debug|Any CPU
		{06493BEF-647A-4F3F-91D3-9D97890EBFB1}.Release|Any CPU.ActiveCfg = Release|Any CPU
		{06493BEF-647A-4F3F-91D3-9D97890EBFB1}.Release|Any CPU.Build.0 = Release|Any CPU
		{06493BEF-647A-4F3F-91D3-9D97890EBFB1}.Release|x64.ActiveCfg = Release|Any CPU
		{06493BEF-647A-4F3F-91D3-9D97890EBFB1}.Release|x64.Build.0 = Release|Any CPU
		{06493BEF-647A-4F3F-91D3-9D97890EBFB1}.Release|x86.ActiveCfg = Release|Any CPU
		{06493BEF-647A-4F3F-91D3-9D97890EBFB1}.Release|x86.Build.0 = Release|Any CPU
		{76AD6B2F-75DD-4306-9E99-DC49C73045C6}.Debug|Any CPU.ActiveCfg = Debug|Any CPU
		{76AD6B2F-75DD-4306-9E99-DC49C73045C6}.Debug|Any CPU.Build.0 = Debug|Any CPU
		{76AD6B2F-75DD-4306-9E99-DC49C73045C6}.Debug|x64.ActiveCfg = Debug|Any CPU
		{76AD6B2F-75DD-4306-9E99-DC49C73045C6}.Debug|x64.Build.0 = Debug|Any CPU
		{76AD6B2F-75DD-4306-9E99-DC49C73045C6}.Debug|x86.ActiveCfg = Debug|Any CPU
		{76AD6B2F-75DD-4306-9E99-DC49C73045C6}.Debug|x86.Build.0 = Debug|Any CPU
		{76AD6B2F-75DD-4306-9E99-DC49C73045C6}.Release|Any CPU.ActiveCfg = Release|Any CPU
		{76AD6B2F-75DD-4306-9E99-DC49C73045C6}.Release|Any CPU.Build.0 = Release|Any CPU
		{76AD6B2F-75DD-4306-9E99-DC49C73045C6}.Release|x64.ActiveCfg = Release|Any CPU
		{76AD6B2F-75DD-4306-9E99-DC49C73045C6}.Release|x64.Build.0 = Release|Any CPU
		{76AD6B2F-75DD-4306-9E99-DC49C73045C6}.Release|x86.ActiveCfg = Release|Any CPU
		{76AD6B2F-75DD-4306-9E99-DC49C73045C6}.Release|x86.Build.0 = Release|Any CPU
	EndGlobalSection
EndGlobal
